<?xml version="1.0" encoding="UTF-8" standalone="yes" ?>
<CodeBlocks_project_file>
	<FileVersion major="1" minor="6" />
	<Project>
		<Option title="chocolate-server" />
		<Option pch_mode="2" />
		<Option compiler="gcc" />
		<Build>
			<Target title="Debug">
				<Option output="..\bin\$(PROJECT_NAME)-dbg.exe" prefix_auto="0" extension_auto="0" />
				<Option working_dir="..\bin" />
				<Option object_output="..\obj\dbg" />
				<Option type="0" />
				<Option compiler="gcc" />
				<Compiler>
					<Add option="-W" />
					<Add option="-gdwarf-2" />
				</Compiler>
			</Target>
			<Target title="Release">
				<Option output="..\bin\$(PROJECT_NAME).exe" prefix_auto="0" extension_auto="0" />
				<Option working_dir="..\bin" />
				<Option object_output="..\obj\rel" />
				<Option type="0" />
				<Option compiler="gcc" />
				<Compiler>
					<Add option="-O2" />
				</Compiler>
				<Linker>
					<Add option="-s" />
				</Linker>
			</Target>
		</Build>
		<VirtualTargets>
			<Add alias="All" targets="Debug;Release;" />
		</VirtualTargets>
		<Compiler>
			<Add directory="." />
			<Add directory="..\src" />
			<Add directory="..\textscreen" />
		</Compiler>
		<Linker>
			<Add option="-lmingw32 -lSDLmain -lSDL -lSDL_net -mwindows" />
		</Linker>
		<Unit filename="..\src\d_dedicated.c">
			<Option compilerVar="CC" />
		</Unit>
		<Unit filename="..\src\i_main.c">
			<Option compilerVar="CC" />
		</Unit>
		<Unit filename="..\src\i_timer.c">
			<Option compilerVar="CC" />
		</Unit>
		<Unit filename="..\src\i_timer.h" />
		<Unit filename="..\src\m_argv.c">
			<Option compilerVar="CC" />
		</Unit>
		<Unit filename="..\src\m_argv.h" />
		<Unit filename="..\src\m_misc.c">
			<Option compilerVar="CC" />
		</Unit>
		<Unit filename="..\src\m_misc.h" />
		<Unit filename="..\src\net_common.c">
			<Option compilerVar="CC" />
		</Unit>
		<Unit filename="..\src\net_common.h" />
		<Unit filename="..\src\net_dedicated.c">
			<Option compilerVar="CC" />
		</Unit>
		<Unit filename="..\src\net_dedicated.h" />
		<Unit filename="..\src\net_io.c">
			<Option compilerVar="CC" />
		</Unit>
		<Unit filename="..\src\net_io.h" />
		<Unit filename="..\src\net_packet.c">
			<Option compilerVar="CC" />
		</Unit>
		<Unit filename="..\src\net_packet.h" />
		<Unit filename="..\src\net_query.c">
			<Option compilerVar="CC" />
		</Unit>
		<Unit filename="..\src\net_query.h" />
		<Unit filename="..\src\net_sdl.c">
			<Option compilerVar="CC" />
		</Unit>
		<Unit filename="..\src\net_sdl.h" />
		<Unit filename="..\src\net_server.c">
			<Option compilerVar="CC" />
		</Unit>
		<Unit filename="..\src\net_server.h" />
		<Unit filename="..\src\net_structrw.c">
			<Option compilerVar="CC" />
		</Unit>
		<Unit filename="..\src\net_structrw.h" />
		<Unit filename="..\src\z_native.c">
			<Option compilerVar="CC" />
		</Unit>
		<Unit filename="..\src\z_zone.h" />
		<Extensions>
			<code_completion />
			<envvars />
			<debugger />
		</Extensions>
	</Project>
</CodeBlocks_project_file>
